
Microsoft Visual Studio Solution File, Format Version 12.00
# Visual Studio 15
VisualStudioVersion = 15.0.28307.572
MinimumVisualStudioVersion = 10.0.40219.1
Project("{FAE04EC0-301F-11D3-BF4B-00C04F79EFBC}") = "Basics", "Basics\Basics.csproj", "{525C98F2-B29E-4B72-847D-1CA083426775}"
EndProject
Global
	GlobalSection(SolutionConfigurationPlatforms) = preSolution
		Debug|Any CPU = Debug|Any CPU
		Release|Any CPU = Release|Any CPU
	EndGlobalSection
	GlobalSection(ProjectConfigurationPlatforms) = postSolution
		{525C98F2-B29E-4B72-847D-1CA083426775}.Debug|Any CPU.ActiveCfg = Debug|Any CPU
		{525C98F2-B29E-4B72-847D-1CA083426775}.Debug|Any CPU.Build.0 = Debug|Any CPU
		{525C98F2-B29E-4B72-847D-1CA083426775}.Release|Any CPU.ActiveCfg = Release|Any CPU
		{525C98F2-B29E-4B72-847D-1CA083426775}.Release|Any CPU.Build.0 = Release|Any CPU
	EndGlobalSection
	GlobalSection(SolutionProperties) = preSolution
		HideSolutionNode = FALSE
	EndGlobalSection
	GlobalSection(ExtensibilityGlobals) = postSolution
		SolutionGuid = {66D1DE9F-1440-4EBF-A30C-03EB4E5A9E82}
	EndGlobalSection
EndGlobal
